
Microsoft Visual Studio Solution File, Format Version 12.00
# Visual Studio Version 17
VisualStudioVersion = 17.1.32210.238
MinimumVisualStudioVersion = 10.0.40219.1
Project("{FAE04EC0-301F-11D3-BF4B-00C04F79EFBC}") = "A_Loch", "A_Loch\A_Loch.csproj", "{721ED66A-85F4-47AA-82AF-EE65FC930931}"
EndProject
Global
	GlobalSection(SolutionConfigurationPlatforms) = preSolution
		Debug|Any CPU = Debug|Any CPU
		Release|Any CPU = Release|Any CPU
	EndGlobalSection
	GlobalSection(ProjectConfigurationPlatforms) = postSolution
		{721ED66A-85F4-47AA-82AF-EE65FC930931}.Debug|Any CPU.ActiveCfg = Debug|Any CPU
		{721ED66A-85F4-47AA-82AF-EE65FC930931}.Debug|Any CPU.Build.0 = Debug|Any CPU
		{721ED66A-85F4-47AA-82AF-EE65FC930931}.Release|Any CPU.ActiveCfg = Release|Any CPU
		{721ED66A-85F4-47AA-82AF-EE65FC930931}.Release|Any CPU.Build.0 = Release|Any CPU
	EndGlobalSection
	GlobalSection(SolutionProperties) = preSolution
		HideSolutionNode = FALSE
	EndGlobalSection
	GlobalSection(ExtensibilityGlobals) = postSolution
		SolutionGuid = {32FBC614-2575-4B47-9E95-AAD826299CE9}
	EndGlobalSection
EndGlobal
